PODS:
  - PLPageMenuViewController (0.2.1):
    - Reusable
  - Reusable (4.0.0):
    - Reusable/Storyboard (= 4.0.0)
    - Reusable/View (= 4.0.0)
  - Reusable/Storyboard (4.0.0)
  - Reusable/View (4.0.0)

DEPENDENCIES:
  - PLPageMenuViewController (from `../`)

EXTERNAL SOURCES:
  PLPageMenuViewController:
    :path: ../

SPEC CHECKSUMS:
  PLPageMenuViewController: 1ddf2f63c62478a6d37ce979040aeb69619423f4
  Reusable: 98e5fff1e0e2e00872199699b276dde08ee56c07

PODFILE CHECKSUM: 489d5f959dace0144881c41efa315271df065480

COCOAPODS: 1.3.1
